Microsoft Visual Studio Solution File, Format Version 9.00
# Visual Studio 2005
Project("{F184B08F-C81C-45F6-A57F-5ABD9991F28F}") = "Project1", "Project1.vbproj", "{BEDBE75F-41F6-46CF-9DB9-F87F83D0335A}"
EndProject
Global
	GlobalSection(SolutionConfigurationPlatforms) = preSolution
		Debug|Any CPU = Debug|Any CPU
		Release|Any CPU = Release|Any CPU
	EndGlobalSection
	GlobalSection(ProjectConfigurationPlatforms) = postSolution
		{BEDBE75F-41F6-46CF-9DB9-F87F83D0335A}.Debug|Any CPU.ActiveCfg = Debug|Any CPU
		{BEDBE75F-41F6-46CF-9DB9-F87F83D0335A}.Debug|Any CPU.Build.0 = Debug|Any CPU
		{BEDBE75F-41F6-46CF-9DB9-F87F83D0335A}.Release|Any CPU.ActiveCfg = Release|Any CPU
		{BEDBE75F-41F6-46CF-9DB9-F87F83D0335A}.Release|Any CPU.Build.0 = Release|Any CPU
	EndGlobalSection
	GlobalSection(SolutionProperties) = preSolution
		HideSolutionNode = FALSE
	EndGlobalSection
EndGlobal
