Microsoft Visual Studio Solution File, Format Version 9.00
# Visual Studio 2005
Project("{F184B08F-C81C-45F6-A57F-5ABD9991F28F}") = "Eval", "Eval.vbproj", "{B462D528-F4BC-4B5D-B7AA-36C29A4BDB41}"
EndProject
Global
	GlobalSection(SolutionConfigurationPlatforms) = preSolution
		Debug|Any CPU = Debug|Any CPU
		Release|Any CPU = Release|Any CPU
	EndGlobalSection
	GlobalSection(ProjectConfigurationPlatforms) = postSolution
		{B462D528-F4BC-4B5D-B7AA-36C29A4BDB41}.Debug|Any CPU.ActiveCfg = Debug|Any CPU
		{B462D528-F4BC-4B5D-B7AA-36C29A4BDB41}.Debug|Any CPU.Build.0 = Debug|Any CPU
		{B462D528-F4BC-4B5D-B7AA-36C29A4BDB41}.Release|Any CPU.ActiveCfg = Release|Any CPU
		{B462D528-F4BC-4B5D-B7AA-36C29A4BDB41}.Release|Any CPU.Build.0 = Release|Any CPU
	EndGlobalSection
	GlobalSection(SolutionProperties) = preSolution
		HideSolutionNode = FALSE
	EndGlobalSection
EndGlobal
