Microsoft Visual Studio Solution File, Format Version 9.00
# Visual Studio 2005
Project("{F184B08F-C81C-45F6-A57F-5ABD9991F28F}") = "Project1", "Project1\Project1.vbproj", "{12E7DB36-23B6-45F7-8B51-B0AED5AA06E7}"
EndProject
Project("{F184B08F-C81C-45F6-A57F-5ABD9991F28F}") = "MsgHookSvr", "MsgHookSvr\MsgHookSvr.vbproj", "{9DE12802-D496-4632-A3E0-A9A460F8E4AC}"
EndProject
Global
	GlobalSection(SolutionConfigurationPlatforms) = preSolution
		Debug|Any CPU = Debug|Any CPU
		Release|Any CPU = Release|Any CPU
	EndGlobalSection
	GlobalSection(ProjectConfigurationPlatforms) = postSolution
		{12E7DB36-23B6-45F7-8B51-B0AED5AA06E7}.Debug|Any CPU.ActiveCfg = Debug|Any CPU
		{12E7DB36-23B6-45F7-8B51-B0AED5AA06E7}.Debug|Any CPU.Build.0 = Debug|Any CPU
		{12E7DB36-23B6-45F7-8B51-B0AED5AA06E7}.Release|Any CPU.ActiveCfg = Release|Any CPU
		{12E7DB36-23B6-45F7-8B51-B0AED5AA06E7}.Release|Any CPU.Build.0 = Release|Any CPU
		{9DE12802-D496-4632-A3E0-A9A460F8E4AC}.Debug|Any CPU.ActiveCfg = Debug|Any CPU
		{9DE12802-D496-4632-A3E0-A9A460F8E4AC}.Debug|Any CPU.Build.0 = Debug|Any CPU
		{9DE12802-D496-4632-A3E0-A9A460F8E4AC}.Release|Any CPU.ActiveCfg = Release|Any CPU
		{9DE12802-D496-4632-A3E0-A9A460F8E4AC}.Release|Any CPU.Build.0 = Release|Any CPU
	EndGlobalSection
	GlobalSection(SolutionProperties) = preSolution
		HideSolutionNode = FALSE
	EndGlobalSection
EndGlobal
