Microsoft Visual Studio Solution File, Format Version 9.00
# Visual Studio 2005
Project("{F184B08F-C81C-45F6-A57F-5ABD9991F28F}") = "Project1", "Project1.vbproj", "{BBD44E09-7A6E-4262-930D-D2F3469D12E3}"
EndProject
Global
	GlobalSection(SolutionConfigurationPlatforms) = preSolution
		Debug|Any CPU = Debug|Any CPU
		Release|Any CPU = Release|Any CPU
	EndGlobalSection
	GlobalSection(ProjectConfigurationPlatforms) = postSolution
		{BBD44E09-7A6E-4262-930D-D2F3469D12E3}.Debug|Any CPU.ActiveCfg = Debug|Any CPU
		{BBD44E09-7A6E-4262-930D-D2F3469D12E3}.Debug|Any CPU.Build.0 = Debug|Any CPU
		{BBD44E09-7A6E-4262-930D-D2F3469D12E3}.Release|Any CPU.ActiveCfg = Release|Any CPU
		{BBD44E09-7A6E-4262-930D-D2F3469D12E3}.Release|Any CPU.Build.0 = Release|Any CPU
	EndGlobalSection
	GlobalSection(SolutionProperties) = preSolution
		HideSolutionNode = FALSE
	EndGlobalSection
EndGlobal
