Microsoft Visual Studio Solution File, Format Version 9.00
# Visual Studio 2005
Project("{F184B08F-C81C-45F6-A57F-5ABD9991F28F}") = "PersonPrj", "PersonPrj.vbproj", "{B6D1EAF3-391C-45FE-BF2F-46C47FE2882A}"
EndProject
Global
	GlobalSection(SolutionConfigurationPlatforms) = preSolution
		Debug|Any CPU = Debug|Any CPU
		Release|Any CPU = Release|Any CPU
	EndGlobalSection
	GlobalSection(ProjectConfigurationPlatforms) = postSolution
		{B6D1EAF3-391C-45FE-BF2F-46C47FE2882A}.Debug|Any CPU.ActiveCfg = Debug|Any CPU
		{B6D1EAF3-391C-45FE-BF2F-46C47FE2882A}.Debug|Any CPU.Build.0 = Debug|Any CPU
		{B6D1EAF3-391C-45FE-BF2F-46C47FE2882A}.Release|Any CPU.ActiveCfg = Release|Any CPU
		{B6D1EAF3-391C-45FE-BF2F-46C47FE2882A}.Release|Any CPU.Build.0 = Release|Any CPU
	EndGlobalSection
	GlobalSection(SolutionProperties) = preSolution
		HideSolutionNode = FALSE
	EndGlobalSection
EndGlobal
